// !$*UTF8*$!
{
	archiveVersion = 1;
	classes = {
	};
	objectVersion = 56;
	objects = {

/* Begin PBXBuildFile section */
		2104DF0229901F6C00E7AB32 /* AppDelegate.swift in Sources */ = {isa = PBXBuildFile; fileRef = 2104DF0129901F6C00E7AB32 /* AppDelegate.swift */; };
		2104DF0429901F6C00E7AB32 /* SceneDelegate.swift in Sources */ = {isa = PBXBuildFile; fileRef = 2104DF0329901F6C00E7AB32 /* SceneDelegate.swift */; };
		2104DF0629901F6C00E7AB32 /* MoviesViewController.swift in Sources */ = {isa = PBXBuildFile; fileRef = 2104DF0529901F6C00E7AB32 /* MoviesViewController.swift */; };
		2104DF0929901F6C00E7AB32 /* Main.storyboard in Resources */ = {isa = PBXBuildFile; fileRef = 2104DF0729901F6C00E7AB32 /* Main.storyboard */; };
		2104DF0B29901F7300E7AB32 /* Assets.xcassets in Resources */ = {isa = PBXBuildFile; fileRef = 2104DF0A29901F7300E7AB32 /* Assets.xcassets */; };
		2104DF0E29901F7400E7AB32 /* LaunchScreen.storyboard in Resources */ = {isa = PBXBuildFile; fileRef = 2104DF0C29901F7400E7AB32 /* LaunchScreen.storyboard */; };
		2104DF1729901FC400E7AB32 /* Nuke in Frameworks */ = {isa = PBXBuildFile; productRef = 2104DF1629901FC400E7AB32 /* Nuke */; };
		2104DF1F2990225100E7AB32 /* Movie.swift in Sources */ = {isa = PBXBuildFile; fileRef = 2104DF1E2990225100E7AB32 /* Movie.swift */; };
		2104DF2129903EF400E7AB32 /* MovieCell.swift in Sources */ = {isa = PBXBuildFile; fileRef = 2104DF2029903EF400E7AB32 /* MovieCell.swift */; };
		2104DF2729906DD100E7AB32 /* DetailViewController.swift in Sources */ = {isa = PBXBuildFile; fileRef = 2104DF2629906DD100E7AB32 /* DetailViewController.swift */; };
		21A996482998417B00F05387 /* Poster.swift in Sources */ = {isa = PBXBuildFile; fileRef = 21A996472998417B00F05387 /* Poster.swift */; };
		21A9964A299842A600F05387 /* PostersViewController.swift in Sources */ = {isa = PBXBuildFile; fileRef = 21A99649299842A600F05387 /* PostersViewController.swift */; };
		21A9964C299842FE00F05387 /* PosterCell.swift in Sources */ = {isa = PBXBuildFile; fileRef = 21A9964B299842FE00F05387 /* PosterCell.swift */; };
		21A9964E2998720300F05387 /* PosterDetailViewController.swift in Sources */ = {isa = PBXBuildFile; fileRef = 21A9964D2998720300F05387 /* PosterDetailViewController.swift */; };
/* End PBXBuildFile section */

/* Begin PBXFileReference section */
		2104DEFE29901F6C00E7AB32 /* Flixster.app */ = {isa = PBXFileReference; explicitFileType = wrapper.application; includeInIndex = 0; path = Flixster.app; sourceTree = BUILT_PRODUCTS_DIR; };
		2104DF0129901F6C00E7AB32 /* AppDelegate.swift */ = {isa = PBXFileReference; lastKnownFileType = sourcecode.swift; path = AppDelegate.swift; sourceTree = "<group>"; };
		2104DF0329901F6C00E7AB32 /* SceneDelegate.swift */ = {isa = PBXFileReference; lastKnownFileType = sourcecode.swift; path = SceneDelegate.swift; sourceTree = "<group>"; };
		2104DF0529901F6C00E7AB32 /* MoviesViewController.swift */ = {isa = PBXFileReference; lastKnownFileType = sourcecode.swift; path = MoviesViewController.swift; sourceTree = "<group>"; };
		2104DF0829901F6C00E7AB32 /* Base */ = {isa = PBXFileReference; lastKnownFileType = file.storyboard; name = Base; path = Base.lproj/Main.storyboard; sourceTree = "<group>"; };
		2104DF0A29901F7300E7AB32 /* Assets.xcassets */ = {isa = PBXFileReference; lastKnownFileType = folder.assetcatalog; path = Assets.xcassets; sourceTree = "<group>"; };
		2104DF0D29901F7400E7AB32 /* Base */ = {isa = PBXFileReference; lastKnownFileType = file.storyboard; name = Base; path = Base.lproj/LaunchScreen.storyboard; sourceTree = "<group>"; };
		2104DF0F29901F7400E7AB32 /* Info.plist */ = {isa = PBXFileReference; lastKnownFileType = text.plist.xml; path = Info.plist; sourceTree = "<group>"; };
		2104DF1E2990225100E7AB32 /* Movie.swift */ = {isa = PBXFileReference; lastKnownFileType = sourcecode.swift; path = Movie.swift; sourceTree = "<group>"; };
		2104DF2029903EF400E7AB32 /* MovieCell.swift */ = {isa = PBXFileReference; lastKnownFileType = sourcecode.swift; path = MovieCell.swift; sourceTree = "<group>"; };
		2104DF2629906DD100E7AB32 /* DetailViewController.swift */ = {isa = PBXFileReference; lastKnownFileType = sourcecode.swift; path = DetailViewController.swift; sourceTree = "<group>"; };
		21A996472998417B00F05387 /* Poster.swift */ = {isa = PBXFileReference; lastKnownFileType = sourcecode.swift; path = Poster.swift; sourceTree = "<group>"; };
		21A99649299842A600F05387 /* PostersViewController.swift */ = {isa = PBXFileReference; lastKnownFileType = sourcecode.swift; path = PostersViewController.swift; sourceTree = "<group>"; };
		21A9964B299842FE00F05387 /* PosterCell.swift */ = {isa = PBXFileReference; lastKnownFileType = sourcecode.swift; path = PosterCell.swift; sourceTree = "<group>"; };
		21A9964D2998720300F05387 /* PosterDetailViewController.swift */ = {isa = PBXFileReference; lastKnownFileType = sourcecode.swift; path = PosterDetailViewController.swift; sourceTree = "<group>"; };
/* End PBXFileReference section */

/* Begin PBXFrameworksBuildPhase section */
		2104DEFB29901F6C00E7AB32 /* Frameworks */ = {
			isa = PBXFrameworksBuildPhase;
			buildActionMask = 2147483647;
			files = (
				2104DF1729901FC400E7AB32 /* Nuke in Frameworks */,
			);
			runOnlyForDeploymentPostprocessing = 0;
		};
/* End PBXFrameworksBuildPhase section */

/* Begin PBXGroup section */
		2104DEF529901F6B00E7AB32 = {
			isa = PBXGroup;
			children = (
				2104DF0029901F6C00E7AB32 /* Flixster */,
				2104DEFF29901F6C00E7AB32 /* Products */,
			);
			sourceTree = "<group>";
		};
		2104DEFF29901F6C00E7AB32 /* Products */ = {
			isa = PBXGroup;
			children = (
				2104DEFE29901F6C00E7AB32 /* Flixster.app */,
			);
			name = Products;
			sourceTree = "<group>";
		};
		2104DF0029901F6C00E7AB32 /* Flixster */ = {
			isa = PBXGroup;
			children = (
				2104DF1D2990223500E7AB32 /* Models */,
				2104DF0529901F6C00E7AB32 /* MoviesViewController.swift */,
				2104DF2029903EF400E7AB32 /* MovieCell.swift */,
				2104DF2629906DD100E7AB32 /* DetailViewController.swift */,
				21A99649299842A600F05387 /* PostersViewController.swift */,
				21A9964B299842FE00F05387 /* PosterCell.swift */,
				21A9964D2998720300F05387 /* PosterDetailViewController.swift */,
				2104DF0129901F6C00E7AB32 /* AppDelegate.swift */,
				2104DF0329901F6C00E7AB32 /* SceneDelegate.swift */,
				2104DF0729901F6C00E7AB32 /* Main.storyboard */,
				2104DF0A29901F7300E7AB32 /* Assets.xcassets */,
				2104DF0C29901F7400E7AB32 /* LaunchScreen.storyboard */,
				2104DF0F29901F7400E7AB32 /* Info.plist */,
			);
			path = Flixster;
			sourceTree = "<group>";
		};
		2104DF1D2990223500E7AB32 /* Models */ = {
			isa = PBXGroup;
			children = (
				2104DF1E2990225100E7AB32 /* Movie.swift */,
				21A996472998417B00F05387 /* Poster.swift */,
			);
			path = Models;
			sourceTree = "<group>";
		};
/* End PBXGroup section */

/* Begin PBXNativeTarget section */
		2104DEFD29901F6C00E7AB32 /* Flixster */ = {
			isa = PBXNativeTarget;
			buildConfigurationList = 2104DF1229901F7400E7AB32 /* Build configuration list for PBXNativeTarget "Flixster" */;
			buildPhases = (
				2104DEFA29901F6C00E7AB32 /* Sources */,
				2104DEFB29901F6C00E7AB32 /* Frameworks */,
				2104DEFC29901F6C00E7AB32 /* Resources */,
			);
			buildRules = (
			);
			dependencies = (
			);
			name = Flixster;
			packageProductDependencies = (
				2104DF1629901FC400E7AB32 /* Nuke */,
			);
			productName = Flixster;
			productReference = 2104DEFE29901F6C00E7AB32 /* Flixster.app */;
			productType = "com.apple.product-type.application";
		};
/* End PBXNativeTarget section */

/* Begin PBXProject section */
		2104DEF629901F6B00E7AB32 /* Project object */ = {
			isa = PBXProject;
			attributes = {
				BuildIndependentTargetsInParallel = 1;
				LastSwiftUpdateCheck = 1420;
				LastUpgradeCheck = 1420;
				TargetAttributes = {
					2104DEFD29901F6C00E7AB32 = {
						CreatedOnToolsVersion = 14.2;
					};
				};
			};
			buildConfigurationList = 2104DEF929901F6B00E7AB32 /* Build configuration list for PBXProject "Flixster" */;
			compatibilityVersion = "Xcode 14.0";
			developmentRegion = en;
			hasScannedForEncodings = 0;
			knownRegions = (
				en,
				Base,
			);
			mainGroup = 2104DEF529901F6B00E7AB32;
			packageReferences = (
				2104DF1529901FC400E7AB32 /* XCRemoteSwiftPackageReference "Nuke" */,
			);
			productRefGroup = 2104DEFF29901F6C00E7AB32 /* Products */;
			projectDirPath = "";
			projectRoot = "";
			targets = (
				2104DEFD29901F6C00E7AB32 /* Flixster */,
			);
		};
/* End PBXProject section */

/* Begin PBXResourcesBuildPhase section */
		2104DEFC29901F6C00E7AB32 /* Resources */ = {
			isa = PBXResourcesBuildPhase;
			buildActionMask = 2147483647;
			files = (
				2104DF0E29901F7400E7AB32 /* LaunchScreen.storyboard in Resources */,
				2104DF0B29901F7300E7AB32 /* Assets.xcassets in Resources */,
				2104DF0929901F6C00E7AB32 /* Main.storyboard in Resources */,
			);
			runOnlyForDeploymentPostprocessing = 0;
		};
/* End PBXResourcesBuildPhase section */

/* Begin PBXSourcesBuildPhase section */
		2104DEFA29901F6C00E7AB32 /* Sources */ = {
			isa = PBXSourcesBuildPhase;
			buildActionMask = 2147483647;
			files = (
				21A9964E2998720300F05387 /* PosterDetailViewController.swift in Sources */,
				2104DF0629901F6C00E7AB32 /* MoviesViewController.swift in Sources */,
				2104DF0229901F6C00E7AB32 /* AppDelegate.swift in Sources */,
				21A9964C299842FE00F05387 /* PosterCell.swift in Sources */,
				2104DF1F2990225100E7AB32 /* Movie.swift in Sources */,
				2104DF2729906DD100E7AB32 /* DetailViewController.swift in Sources */,
				21A996482998417B00F05387 /* Poster.swift in Sources */,
				21A9964A299842A600F05387 /* PostersViewController.swift in Sources */,
				2104DF2129903EF400E7AB32 /* MovieCell.swift in Sources */,
				2104DF0429901F6C00E7AB32 /* SceneDelegate.swift in Sources */,
			);
			runOnlyForDeploymentPostprocessing = 0;
		};
/* End PBXSourcesBuildPhase section */

/* Begin PBXVariantGroup section */
		2104DF0729901F6C00E7AB32 /* Main.storyboard */ = {
			isa = PBXVariantGroup;
			children = (
				2104DF0829901F6C00E7AB32 /* Base */,
			);
			name = Main.storyboard;
			sourceTree = "<group>";
		};
		2104DF0C29901F7400E7AB32 /* LaunchScreen.storyboard */ = {
			isa = PBXVariantGroup;
			children = (
				2104DF0D29901F7400E7AB32 /* Base */,
			);
			name = LaunchScreen.storyboard;
			sourceTree = "<group>";
		};
/* End PBXVariantGroup section */

/* Begin XCBuildConfiguration section */
		2104DF1029901F7400E7AB32 /* Debug */ = {
			isa = XCBuildConfiguration;
			buildSettings = {
				ALWAYS_SEARCH_USER_PATHS = NO;
				CLANG_ANALYZER_NONNULL = YES;
				CLANG_ANALYZER_NUMBER_OBJECT_CONVERSION = YES_AGGRESSIVE;
				CLANG_CXX_LANGUAGE_STANDARD = "gnu++20";
				CLANG_ENABLE_MODULES = YES;
				CLANG_ENABLE_OBJC_ARC = YES;
				CLANG_ENABLE_OBJC_WEAK = YES;
				CLANG_WARN_BLOCK_CAPTURE_AUTORELEASING = YES;
				CLANG_WARN_BOOL_CONVERSION = YES;
				CLANG_WARN_COMMA = YES;
				CLANG_WARN_CONSTANT_CONVERSION = YES;
				CLANG_WARN_DEPRECATED_OBJC_IMPLEMENTATIONS = YES;
				CLANG_WARN_DIRECT_OBJC_ISA_USAGE = YES_ERROR;
				CLANG_WARN_DOCUMENTATION_COMMENTS = YES;
				CLANG_WARN_EMPTY_BODY = YES;
				CLANG_WARN_ENUM_CONVERSION = YES;
				CLANG_WARN_INFINITE_RECURSION = YES;
				CLANG_WARN_INT_CONVERSION = YES;
				CLANG_WARN_NON_LITERAL_NULL_CONVERSION = YES;
				CLANG_WARN_OBJC_IMPLICIT_RETAIN_SELF = YES;
				CLANG_WARN_OBJC_LITERAL_CONVERSION = YES;
				CLANG_WARN_OBJC_ROOT_CLASS = YES_ERROR;
				CLANG_WARN_QUOTED_INCLUDE_IN_FRAMEWORK_HEADER = YES;
				CLANG_WARN_RANGE_LOOP_ANALYSIS = YES;
				CLANG_WARN_STRICT_PROTOTYPES = YES;
				CLANG_WARN_SUSPICIOUS_MOVE = YES;
				CLANG_WARN_UNGUARDED_AVAILABILITY = YES_AGGRESSIVE;
				CLANG_WARN_UNREACHABLE_CODE = YES;
				CLANG_WARN__DUPLICATE_METHOD_MATCH = YES;
				COPY_PHASE_STRIP = NO;
				DEBUG_INFORMATION_FORMAT = dwarf;
				ENABLE_STRICT_OBJC_MSGSEND = YES;
				ENABLE_TESTABILITY = YES;
				GCC_C_LANGUAGE_STANDARD = gnu11;
				GCC_DYNAMIC_NO_PIC = NO;
				GCC_NO_COMMON_BLOCKS = YES;
				GCC_OPTIMIZATION_LEVEL = 0;
				GCC_PREPROCESSOR_DEFINITIONS = (
					"DEBUG=1",
					"$(inherited)",
				);
				GCC_WARN_64_TO_32_BIT_CONVERSION = YES;
				GCC_WARN_ABOUT_RETURN_TYPE = YES_ERROR;
				GCC_WARN_UNDECLARED_SELECTOR = YES;
				GCC_WARN_UNINITIALIZED_AUTOS = YES_AGGRESSIVE;
				GCC_WARN_UNUSED_FUNCTION = YES;
				GCC_WARN_UNUSED_VARIABLE = YES;
				IPHONEOS_DEPLOYMENT_TARGET = 16.2;
				MTL_ENABLE_DEBUG_INFO = INCLUDE_SOURCE;
				MTL_FAST_MATH = YES;
				ONLY_ACTIVE_ARCH = YES;
				SDKROOT = iphoneos;
				SWIFT_ACTIVE_COMPILATION_CONDITIONS = DEBUG;
				SWIFT_OPTIMIZATION_LEVEL = "-Onone";
			};
			name = Debug;
		};
		2104DF1129901F7400E7AB32 /* Release */ = {
			isa = XCBuildConfiguration;
			buildSettings = {
				ALWAYS_SEARCH_USER_PATHS = NO;
				CLANG_ANALYZER_NONNULL = YES;
				CLANG_ANALYZER_NUMBER_OBJECT_CONVERSION = YES_AGGRESSIVE;
				CLANG_CXX_LANGUAGE_STANDARD = "gnu++20";
				CLANG_ENABLE_MODULES = YES;
				CLANG_ENABLE_OBJC_ARC = YES;
				CLANG_ENABLE_OBJC_WEAK = YES;
				CLANG_WARN_BLOCK_CAPTURE_AUTORELEASING = YES;
				CLANG_WARN_BOOL_CONVERSION = YES;
				CLANG_WARN_COMMA = YES;
				CLANG_WARN_CONSTANT_CONVERSION = YES;
				CLANG_WARN_DEPRECATED_OBJC_IMPLEMENTATIONS = YES;
				CLANG_WARN_DIRECT_OBJC_ISA_USAGE = YES_ERROR;
				CLANG_WARN_DOCUMENTATION_COMMENTS = YES;
				CLANG_WARN_EMPTY_BODY = YES;
				CLANG_WARN_ENUM_CONVERSION = YES;
				CLANG_WARN_INFINITE_RECURSION = YES;
				CLANG_WARN_INT_CONVERSION = YES;
				CLANG_WARN_NON_LITERAL_NULL_CONVERSION = YES;
				CLANG_WARN_OBJC_IMPLICIT_RETAIN_SELF = YES;
				CLANG_WARN_OBJC_LITERAL_CONVERSION = YES;
				CLANG_WARN_OBJC_ROOT_CLASS = YES_ERROR;
				CLANG_WARN_QUOTED_INCLUDE_IN_FRAMEWORK_HEADER = YES;
				CLANG_WARN_RANGE_LOOP_ANALYSIS = YES;
				CLANG_WARN_STRICT_PROTOTYPES = YES;
				CLANG_WARN_SUSPICIOUS_MOVE = YES;
				CLANG_WARN_UNGUARDED_AVAILABILITY = YES_AGGRESSIVE;
				CLANG_WARN_UNREACHABLE_CODE = YES;
				CLANG_WARN__DUPLICATE_METHOD_MATCH = YES;
				COPY_PHASE_STRIP = NO;
				DEBUG_INFORMATION_FORMAT = "dwarf-with-dsym";
				ENABLE_NS_ASSERTIONS = NO;
				ENABLE_STRICT_OBJC_MSGSEND = YES;
				GCC_C_LANGUAGE_STANDARD = gnu11;
				GCC_NO_COMMON_BLOCKS = YES;
				GCC_WARN_64_TO_32_BIT_CONVERSION = YES;
				GCC_WARN_ABOUT_RETURN_TYPE = YES_ERROR;
				GCC_WARN_UNDECLARED_SELECTOR = YES;
				GCC_WARN_UNINITIALIZED_AUTOS = YES_AGGRESSIVE;
				GCC_WARN_UNUSED_FUNCTION = YES;
				GCC_WARN_UNUSED_VARIABLE = YES;
				IPHONEOS_DEPLOYMENT_TARGET = 16.2;
				MTL_ENABLE_DEBUG_INFO = NO;
				MTL_FAST_MATH = YES;
				SDKROOT = iphoneos;
				SWIFT_COMPILATION_MODE = wholemodule;
				SWIFT_OPTIMIZATION_LEVEL = "-O";
				VALIDATE_PRODUCT = YES;
			};
			name = Release;
		};
		2104DF1329901F7400E7AB32 /* Debug */ = {
			isa = XCBuildConfiguration;
			buildSettings = {
				ASSETCATALOG_COMPILER_APPICON_NAME = AppIcon;
				ASSETCATALOG_COMPILER_GLOBAL_ACCENT_COLOR_NAME = AccentColor;
				CODE_SIGN_STYLE = Automatic;
				CURRENT_PROJECT_VERSION = 1;
				GENERATE_INFOPLIST_FILE = YES;
				INFOPLIST_FILE = Flixster/Info.plist;
				INFOPLIST_KEY_UIApplicationSupportsIndirectInputEvents = YES;
				INFOPLIST_KEY_UILaunchStoryboardName = LaunchScreen;
				INFOPLIST_KEY_UIMainStoryboardFile = Main;
				INFOPLIST_KEY_UISupportedInterfaceOrientations_iPad = "UIInterfaceOrientationPortrait UIInterfaceOrientationPortraitUpsideDown UIInterfaceOrientationLandscapeLeft UIInterfaceOrientationLandscapeRight";
				INFOPLIST_KEY_UISupportedInterfaceOrientations_iPhone = "UIInterfaceOrientationPortrait UIInterfaceOrientationLandscapeLeft UIInterfaceOrientationLandscapeRight";
				LD_RUNPATH_SEARCH_PATHS = (
					"$(inherited)",
					"@executable_path/Frameworks",
				);
				MARKETING_VERSION = 1.0;
				PRODUCT_BUNDLE_IDENTIFIER = ios.kvdev.Flixster;
				PRODUCT_NAME = "$(TARGET_NAME)";
				SWIFT_EMIT_LOC_STRINGS = YES;
				SWIFT_VERSION = 5.0;
				TARGETED_DEVICE_FAMILY = "1,2";
			};
			name = Debug;
		};
		2104DF1429901F7400E7AB32 /* Release */ = {
			isa = XCBuildConfiguration;
			buildSettings = {
				ASSETCATALOG_COMPILER_APPICON_NAME = AppIcon;
				ASSETCATALOG_COMPILER_GLOBAL_ACCENT_COLOR_NAME = AccentColor;
				CODE_SIGN_STYLE = Automatic;
				CURRENT_PROJECT_VERSION = 1;
				GENERATE_INFOPLIST_FILE = YES;
				INFOPLIST_FILE = Flixster/Info.plist;
				INFOPLIST_KEY_UIApplicationSupportsIndirectInputEvents = YES;
				INFOPLIST_KEY_UILaunchStoryboardName = LaunchScreen;
				INFOPLIST_KEY_UIMainStoryboardFile = Main;
				INFOPLIST_KEY_UISupportedInterfaceOrientations_iPad = "UIInterfaceOrientationPortrait UIInterfaceOrientationPortraitUpsideDown UIInterfaceOrientationLandscapeLeft UIInterfaceOrientationLandscapeRight";
				INFOPLIST_KEY_UISupportedInterfaceOrientations_iPhone = "UIInterfaceOrientationPortrait UIInterfaceOrientationLandscapeLeft UIInterfaceOrientationLandscapeRight";
				LD_RUNPATH_SEARCH_PATHS = (
					"$(inherited)",
					"@executable_path/Frameworks",
				);
				MARKETING_VERSION = 1.0;
				PRODUCT_BUNDLE_IDENTIFIER = ios.kvdev.Flixster;
				PRODUCT_NAME = "$(TARGET_NAME)";
				SWIFT_EMIT_LOC_STRINGS = YES;
				SWIFT_VERSION = 5.0;
				TARGETED_DEVICE_FAMILY = "1,2";
			};
			name = Release;
		};
/* End XCBuildConfiguration section */

/* Begin XCConfigurationList section */
		2104DEF929901F6B00E7AB32 /* Build configuration list for PBXProject "Flixster" */ = {
			isa = XCConfigurationList;
			buildConfigurations = (
				2104DF1029901F7400E7AB32 /* Debug */,
				2104DF1129901F7400E7AB32 /* Release */,
			);
			defaultConfigurationIsVisible = 0;
			defaultConfigurationName = Release;
		};
		2104DF1229901F7400E7AB32 /* Build configuration list for PBXNativeTarget "Flixster" */ = {
			isa = XCConfigurationList;
			buildConfigurations = (
				2104DF1329901F7400E7AB32 /* Debug */,
				2104DF1429901F7400E7AB32 /* Release */,
			);
			defaultConfigurationIsVisible = 0;
			defaultConfigurationName = Release;
		};
/* End XCConfigurationList section */

/* Begin XCRemoteSwiftPackageReference section */
		2104DF1529901FC400E7AB32 /* XCRemoteSwiftPackageReference "Nuke" */ = {
			isa = XCRemoteSwiftPackageReference;
			repositoryURL = "https://github.com/kean/Nuke.git";
			requirement = {
				kind = exactVersion;
				version = 9.6.1;
			};
		};
/* End XCRemoteSwiftPackageReference section */

/* Begin XCSwiftPackageProductDependency section */
		2104DF1629901FC400E7AB32 /* Nuke */ = {
			isa = XCSwiftPackageProductDependency;
			package = 2104DF1529901FC400E7AB32 /* XCRemoteSwiftPackageReference "Nuke" */;
			productName = Nuke;
		};
/* End XCSwiftPackageProductDependency section */
	};
	rootObject = 2104DEF629901F6B00E7AB32 /* Project object */;
}
